// !$*UTF8*$!
{
	archiveVersion = 1;
	classes = {
	};
	objectVersion = 55;
	objects = {

/* Begin PBXBuildFile section */
		5112370627D99768000FCEA6 /* BaseResponse.swift in Sources */ = {isa = PBXBuildFile; fileRef = 5112370527D99768000FCEA6 /* BaseResponse.swift */; };
		5127809427D1F06F00D9224F /* StringEx.swift in Sources */ = {isa = PBXBuildFile; fileRef = 5127809327D1F06F00D9224F /* StringEx.swift */; };
		51351E1F27EAE81900110368 /* WCDBManager.swift in Sources */ = {isa = PBXBuildFile; fileRef = 51351E1E27EAE81900110368 /* WCDBManager.swift */; };
		51351E2327EB214400110368 /* SnCodeModel.swift in Sources */ = {isa = PBXBuildFile; fileRef = 51351E2227EB214400110368 /* SnCodeModel.swift */; };
		51357ADD27E8546500EAF2F1 /* MainTabBarController.swift in Sources */ = {isa = PBXBuildFile; fileRef = 51357ADC27E8546500EAF2F1 /* MainTabBarController.swift */; };
		51357AE227E8593000EAF2F1 /* MyViewController.swift in Sources */ = {isa = PBXBuildFile; fileRef = 51357AE027E8593000EAF2F1 /* MyViewController.swift */; };
		51357AE327E8593000EAF2F1 /* MyViewController.xib in Resources */ = {isa = PBXBuildFile; fileRef = 51357AE127E8593000EAF2F1 /* MyViewController.xib */; };
		51357AE527E85E8100EAF2F1 /* AccountBindTarget.swift in Sources */ = {isa = PBXBuildFile; fileRef = 51357AE427E85E8100EAF2F1 /* AccountBindTarget.swift */; };
		51357AE727E862AF00EAF2F1 /* AccountBindViewModel.swift in Sources */ = {isa = PBXBuildFile; fileRef = 51357AE627E862AF00EAF2F1 /* AccountBindViewModel.swift */; };
		51357AEF27E870B600EAF2F1 /* DeviceListViewController.swift in Sources */ = {isa = PBXBuildFile; fileRef = 51357AEE27E870B600EAF2F1 /* DeviceListViewController.swift */; };
		51357AF227E877C500EAF2F1 /* BindProductModel.swift in Sources */ = {isa = PBXBuildFile; fileRef = 51357AF127E877C500EAF2F1 /* BindProductModel.swift */; };
		51357AF527E877F400EAF2F1 /* BindDeviceModel.swift in Sources */ = {isa = PBXBuildFile; fileRef = 51357AF427E877F400EAF2F1 /* BindDeviceModel.swift */; };
		513FCB8027DF1AB000AF6F95 /* Observable+SwiftJSON.swift in Sources */ = {isa = PBXBuildFile; fileRef = 513FCB7F27DF1AB000AF6F95 /* Observable+SwiftJSON.swift */; };
		513FCB8427DF37BA00AF6F95 /* UserTarget.swift in Sources */ = {isa = PBXBuildFile; fileRef = 513FCB8327DF37BA00AF6F95 /* UserTarget.swift */; };
		51452A2F27E9624E0099C5EC /* ContentView.swift in Sources */ = {isa = PBXBuildFile; fileRef = 51452A2E27E9624E0099C5EC /* ContentView.swift */; };
		51452A3327E9C8620099C5EC /* GlobalConstant.swift in Sources */ = {isa = PBXBuildFile; fileRef = 51452A3227E9C8620099C5EC /* GlobalConstant.swift */; };
		5161A5E727ED52EE004EC7EF /* MJRefresh+RxSwift.swift in Sources */ = {isa = PBXBuildFile; fileRef = 5161A5E527ED52EE004EC7EF /* MJRefresh+RxSwift.swift */; };
		5161A5E827ED52EE004EC7EF /* UIScrollView+RxSwift.swift in Sources */ = {isa = PBXBuildFile; fileRef = 5161A5E627ED52EE004EC7EF /* UIScrollView+RxSwift.swift */; };
		5191D43427C48DFC004D07D7 /* AppDelegate.swift in Sources */ = {isa = PBXBuildFile; fileRef = 5191D43327C48DFC004D07D7 /* AppDelegate.swift */; };
		5191D43827C48DFC004D07D7 /* HomeViewController.swift in Sources */ = {isa = PBXBuildFile; fileRef = 5191D43727C48DFC004D07D7 /* HomeViewController.swift */; };
		5191D43B27C48DFC004D07D7 /* Main.storyboard in Resources */ = {isa = PBXBuildFile; fileRef = 5191D43927C48DFC004D07D7 /* Main.storyboard */; };
		5191D43D27C48DFD004D07D7 /* Assets.xcassets in Resources */ = {isa = PBXBuildFile; fileRef = 5191D43C27C48DFD004D07D7 /* Assets.xcassets */; };
		5191D44027C48DFD004D07D7 /* LaunchScreen.storyboard in Resources */ = {isa = PBXBuildFile; fileRef = 5191D43E27C48DFD004D07D7 /* LaunchScreen.storyboard */; };
		5191D44B27C48DFD004D07D7 /* TinecoTrackDataTests.swift in Sources */ = {isa = PBXBuildFile; fileRef = 5191D44A27C48DFD004D07D7 /* TinecoTrackDataTests.swift */; };
		5191D45527C48DFD004D07D7 /* TinecoTrackDataUITests.swift in Sources */ = {isa = PBXBuildFile; fileRef = 5191D45427C48DFD004D07D7 /* TinecoTrackDataUITests.swift */; };
		5191D45727C48DFD004D07D7 /* TinecoTrackDataUITestsLaunchTests.swift in Sources */ = {isa = PBXBuildFile; fileRef = 5191D45627C48DFD004D07D7 /* TinecoTrackDataUITestsLaunchTests.swift */; };
		5191D48327C7776B004D07D7 /* SecondViewController.swift in Sources */ = {isa = PBXBuildFile; fileRef = 5191D48227C7776B004D07D7 /* SecondViewController.swift */; };
		5191D48527C777CB004D07D7 /* OperationView.swift in Sources */ = {isa = PBXBuildFile; fileRef = 5191D48427C777CB004D07D7 /* OperationView.swift */; };
		5191D48727C77E4B004D07D7 /* OperationViewModel.swift in Sources */ = {isa = PBXBuildFile; fileRef = 5191D48627C77E4B004D07D7 /* OperationViewModel.swift */; };
		5191D48927C77F24004D07D7 /* OperationModel.swift in Sources */ = {isa = PBXBuildFile; fileRef = 5191D48827C77F24004D07D7 /* OperationModel.swift */; };
		519BDDFA27E468550018929C /* LoginViewModel.swift in Sources */ = {isa = PBXBuildFile; fileRef = 519BDDF927E468550018929C /* LoginViewModel.swift */; };
		519BDE0627E490430018929C /* User.swift in Sources */ = {isa = PBXBuildFile; fileRef = 519BDE0527E490430018929C /* User.swift */; };
		519BDE0827E494ED0018929C /* ResetPasswordViewModel.swift in Sources */ = {isa = PBXBuildFile; fileRef = 519BDE0727E494ED0018929C /* ResetPasswordViewModel.swift */; };
		519D978B27C8A0EA00D16671 /* OperationViewProtocol.swift in Sources */ = {isa = PBXBuildFile; fileRef = 519D978A27C8A0EA00D16671 /* OperationViewProtocol.swift */; };
		519D978D27C8A11A00D16671 /* Utils.swift in Sources */ = {isa = PBXBuildFile; fileRef = 519D978C27C8A11A00D16671 /* Utils.swift */; };
		519D978F27C8A88600D16671 /* TLToast.swift in Sources */ = {isa = PBXBuildFile; fileRef = 519D978E27C8A88600D16671 /* TLToast.swift */; };
		519D979327C8AD2900D16671 /* SectionHeaderView.swift in Sources */ = {isa = PBXBuildFile; fileRef = 519D979227C8AD2900D16671 /* SectionHeaderView.swift */; };
		519D979627C8AF3300D16671 /* SectionCollectionViewCell.swift in Sources */ = {isa = PBXBuildFile; fileRef = 519D979527C8AF3300D16671 /* SectionCollectionViewCell.swift */; };
		519D979827CCAB6F00D16671 /* SelectPopView.swift in Sources */ = {isa = PBXBuildFile; fileRef = 519D979727CCAB6E00D16671 /* SelectPopView.swift */; };
		519D979E27CCC50F00D16671 /* SectionModel.swift in Sources */ = {isa = PBXBuildFile; fileRef = 519D979D27CCC50F00D16671 /* SectionModel.swift */; };
		519D97A127CDB7D800D16671 /* SecondViewModel.swift in Sources */ = {isa = PBXBuildFile; fileRef = 519D97A027CDB7D800D16671 /* SecondViewModel.swift */; };
		519D97A527CDBCC800D16671 /* BaseViewController.swift in Sources */ = {isa = PBXBuildFile; fileRef = 519D97A427CDBCC800D16671 /* BaseViewController.swift */; };
		519D97A727CEFA5A00D16671 /* SecondViewCell.swift in Sources */ = {isa = PBXBuildFile; fileRef = 519D97A627CEFA5A00D16671 /* SecondViewCell.swift */; };
		519D97A927CEFF2A00D16671 /* data.json in Resources */ = {isa = PBXBuildFile; fileRef = 519D97A827CEFF2A00D16671 /* data.json */; };
		519D97AB27CEFFB300D16671 /* DataObject.swift in Sources */ = {isa = PBXBuildFile; fileRef = 519D97AA27CEFFB300D16671 /* DataObject.swift */; };
		519D97AD27CF487900D16671 /* DataDetailViewController.swift in Sources */ = {isa = PBXBuildFile; fileRef = 519D97AC27CF487900D16671 /* DataDetailViewController.swift */; };
		519D97B027CF5CD900D16671 /* DataDetailCell.swift in Sources */ = {isa = PBXBuildFile; fileRef = 519D97AF27CF5CD900D16671 /* DataDetailCell.swift */; };
		519D97B427D0536A00D16671 /* DataDetailSection.swift in Sources */ = {isa = PBXBuildFile; fileRef = 519D97B327D0536A00D16671 /* DataDetailSection.swift */; };
		519D97B627D0549B00D16671 /* DataDetailViewModel.swift in Sources */ = {isa = PBXBuildFile; fileRef = 519D97B527D0549B00D16671 /* DataDetailViewModel.swift */; };
		519D97B827D0555A00D16671 /* DataDetailModel.swift in Sources */ = {isa = PBXBuildFile; fileRef = 519D97B727D0555A00D16671 /* DataDetailModel.swift */; };
		519D9BD327D0AD8C00D16671 /* typesdata.json in Resources */ = {isa = PBXBuildFile; fileRef = 519D9BD227D0AD8C00D16671 /* typesdata.json */; };
		51BBA19727E1D23100558BFF /* ResetPasswordViewController.swift in Sources */ = {isa = PBXBuildFile; fileRef = 51BBA19627E1D23100558BFF /* ResetPasswordViewController.swift */; };
		51C9606427D8443D00939997 /* AppConfig.swift in Sources */ = {isa = PBXBuildFile; fileRef = 51C9606327D8443D00939997 /* AppConfig.swift */; };
		51F1CA9A27E023A50094834F /* BaseTarget.swift in Sources */ = {isa = PBXBuildFile; fileRef = 51F1CA9927E023A50094834F /* BaseTarget.swift */; };
		51F1CA9C27E02B570094834F /* APIConfig.swift in Sources */ = {isa = PBXBuildFile; fileRef = 51F1CA9B27E02B570094834F /* APIConfig.swift */; };
		51F1CA9E27E02C8A0094834F /* MoyaProviderEX.swift in Sources */ = {isa = PBXBuildFile; fileRef = 51F1CA9D27E02C8A0094834F /* MoyaProviderEX.swift */; };
		51F1CAA027E05F420094834F /* SwiftJSONModelAble.swift in Sources */ = {isa = PBXBuildFile; fileRef = 51F1CA9F27E05F420094834F /* SwiftJSONModelAble.swift */; };
		51F1CAAC27E06A8A0094834F /* LoginViewController.swift in Sources */ = {isa = PBXBuildFile; fileRef = 51F1CAAB27E06A8A0094834F /* LoginViewController.swift */; };
		A82A92D7D841772A31144291 /* Pods_TinecoTrackData.framework in Frameworks */ = {isa = PBXBuildFile; fileRef = D8164DD55E5711D5EF3118AC /* Pods_TinecoTrackData.framework */; };
/* End PBXBuildFile section */

/* Begin PBXContainerItemProxy section */
		5191D44727C48DFD004D07D7 /* PBXContainerItemProxy */ = {
			isa = PBXContainerItemProxy;
			containerPortal = 5191D42827C48DFC004D07D7 /* Project object */;
			proxyType = 1;
			remoteGlobalIDString = 5191D42F27C48DFC004D07D7;
			remoteInfo = TinecoTrackData;
		};
		5191D45127C48DFD004D07D7 /* PBXContainerItemProxy */ = {
			isa = PBXContainerItemProxy;
			containerPortal = 5191D42827C48DFC004D07D7 /* Project object */;
			proxyType = 1;
			remoteGlobalIDString = 5191D42F27C48DFC004D07D7;
			remoteInfo = TinecoTrackData;
		};
/* End PBXContainerItemProxy section */

/* Begin PBXFileReference section */
		0FFB6BB821CEEEC3F2FE69C0 /* Pods-TinecoTrackData.debug.xcconfig */ = {isa = PBXFileReference; includeInIndex = 1; lastKnownFileType = text.xcconfig; name = "Pods-TinecoTrackData.debug.xcconfig"; path = "Target Support Files/Pods-TinecoTrackData/Pods-TinecoTrackData.debug.xcconfig"; sourceTree = "<group>"; };
		5112370527D99768000FCEA6 /* BaseResponse.swift */ = {isa = PBXFileReference; lastKnownFileType = sourcecode.swift; path = BaseResponse.swift; sourceTree = "<group>"; };
		5127809327D1F06F00D9224F /* StringEx.swift */ = {isa = PBXFileReference; lastKnownFileType = sourcecode.swift; path = StringEx.swift; sourceTree = "<group>"; };
		5127809527D1F84D00D9224F /* TinecoTrackData-Bridging-Header.h */ = {isa = PBXFileReference; lastKnownFileType = sourcecode.c.h; path = "TinecoTrackData-Bridging-Header.h"; sourceTree = "<group>"; };
		51351E1E27EAE81900110368 /* WCDBManager.swift */ = {isa = PBXFileReference; lastKnownFileType = sourcecode.swift; path = WCDBManager.swift; sourceTree = "<group>"; };
		51351E2227EB214400110368 /* SnCodeModel.swift */ = {isa = PBXFileReference; lastKnownFileType = sourcecode.swift; path = SnCodeModel.swift; sourceTree = "<group>"; };
		51357ADC27E8546500EAF2F1 /* MainTabBarController.swift */ = {isa = PBXFileReference; lastKnownFileType = sourcecode.swift; path = MainTabBarController.swift; sourceTree = "<group>"; };
		51357AE027E8593000EAF2F1 /* MyViewController.swift */ = {isa = PBXFileReference; lastKnownFileType = sourcecode.swift; path = MyViewController.swift; sourceTree = "<group>"; };
		51357AE127E8593000EAF2F1 /* MyViewController.xib */ = {isa = PBXFileReference; lastKnownFileType = file.xib; path = MyViewController.xib; sourceTree = "<group>"; };
		51357AE427E85E8100EAF2F1 /* AccountBindTarget.swift */ = {isa = PBXFileReference; lastKnownFileType = sourcecode.swift; path = AccountBindTarget.swift; sourceTree = "<group>"; };
		51357AE627E862AF00EAF2F1 /* AccountBindViewModel.swift */ = {isa = PBXFileReference; lastKnownFileType = sourcecode.swift; path = AccountBindViewModel.swift; sourceTree = "<group>"; };
		51357AEE27E870B600EAF2F1 /* DeviceListViewController.swift */ = {isa = PBXFileReference; lastKnownFileType = sourcecode.swift; path = DeviceListViewController.swift; sourceTree = "<group>"; };
		51357AF127E877C500EAF2F1 /* BindProductModel.swift */ = {isa = PBXFileReference; lastKnownFileType = sourcecode.swift; path = BindProductModel.swift; sourceTree = "<group>"; };
		51357AF427E877F400EAF2F1 /* BindDeviceModel.swift */ = {isa = PBXFileReference; lastKnownFileType = sourcecode.swift; path = BindDeviceModel.swift; sourceTree = "<group>"; };
		513FCB7F27DF1AB000AF6F95 /* Observable+SwiftJSON.swift */ = {isa = PBXFileReference; lastKnownFileType = sourcecode.swift; path = "Observable+SwiftJSON.swift"; sourceTree = "<group>"; };
		513FCB8327DF37BA00AF6F95 /* UserTarget.swift */ = {isa = PBXFileReference; lastKnownFileType = sourcecode.swift; path = UserTarget.swift; sourceTree = "<group>"; };
		51452A2E27E9624E0099C5EC /* ContentView.swift */ = {isa = PBXFileReference; lastKnownFileType = sourcecode.swift; path = ContentView.swift; sourceTree = "<group>"; };
		51452A3227E9C8620099C5EC /* GlobalConstant.swift */ = {isa = PBXFileReference; lastKnownFileType = sourcecode.swift; path = GlobalConstant.swift; sourceTree = "<group>"; };
		5161A5E527ED52EE004EC7EF /* MJRefresh+RxSwift.swift */ = {isa = PBXFileReference; fileEncoding = 4; lastKnownFileType = sourcecode.swift; path = "MJRefresh+RxSwift.swift"; sourceTree = "<group>"; };
		5161A5E627ED52EE004EC7EF /* UIScrollView+RxSwift.swift */ = {isa = PBXFileReference; fileEncoding = 4; lastKnownFileType = sourcecode.swift; path = "UIScrollView+RxSwift.swift"; sourceTree = "<group>"; };
		5191D43027C48DFC004D07D7 /* TinecoTrackData.app */ = {isa = PBXFileReference; explicitFileType = wrapper.application; includeInIndex = 0; path = TinecoTrackData.app; sourceTree = BUILT_PRODUCTS_DIR; };
		5191D43327C48DFC004D07D7 /* AppDelegate.swift */ = {isa = PBXFileReference; lastKnownFileType = sourcecode.swift; path = AppDelegate.swift; sourceTree = "<group>"; };
		5191D43727C48DFC004D07D7 /* HomeViewController.swift */ = {isa = PBXFileReference; lastKnownFileType = sourcecode.swift; path = HomeViewController.swift; sourceTree = "<group>"; };
		5191D43A27C48DFC004D07D7 /* Base */ = {isa = PBXFileReference; lastKnownFileType = file.storyboard; name = Base; path = Base.lproj/Main.storyboard; sourceTree = "<group>"; };
		5191D43C27C48DFD004D07D7 /* Assets.xcassets */ = {isa = PBXFileReference; lastKnownFileType = folder.assetcatalog; path = Assets.xcassets; sourceTree = "<group>"; };
		5191D43F27C48DFD004D07D7 /* Base */ = {isa = PBXFileReference; lastKnownFileType = file.storyboard; name = Base; path = Base.lproj/LaunchScreen.storyboard; sourceTree = "<group>"; };
		5191D44127C48DFD004D07D7 /* Info.plist */ = {isa = PBXFileReference; lastKnownFileType = text.plist.xml; path = Info.plist; sourceTree = "<group>"; };
		5191D44627C48DFD004D07D7 /* TinecoTrackDataTests.xctest */ = {isa = PBXFileReference; explicitFileType = wrapper.cfbundle; includeInIndex = 0; path = TinecoTrackDataTests.xctest; sourceTree = BUILT_PRODUCTS_DIR; };
		5191D44A27C48DFD004D07D7 /* TinecoTrackDataTests.swift */ = {isa = PBXFileReference; lastKnownFileType = sourcecode.swift; path = TinecoTrackDataTests.swift; sourceTree = "<group>"; };
		5191D45027C48DFD004D07D7 /* TinecoTrackDataUITests.xctest */ = {isa = PBXFileReference; explicitFileType = wrapper.cfbundle; includeInIndex = 0; path = TinecoTrackDataUITests.xctest; sourceTree = BUILT_PRODUCTS_DIR; };
		5191D45427C48DFD004D07D7 /* TinecoTrackDataUITests.swift */ = {isa = PBXFileReference; lastKnownFileType = sourcecode.swift; path = TinecoTrackDataUITests.swift; sourceTree = "<group>"; };
		5191D45627C48DFD004D07D7 /* TinecoTrackDataUITestsLaunchTests.swift */ = {isa = PBXFileReference; lastKnownFileType = sourcecode.swift; path = TinecoTrackDataUITestsLaunchTests.swift; sourceTree = "<group>"; };
		5191D48227C7776B004D07D7 /* SecondViewController.swift */ = {isa = PBXFileReference; lastKnownFileType = sourcecode.swift; path = SecondViewController.swift; sourceTree = "<group>"; };
		5191D48427C777CB004D07D7 /* OperationView.swift */ = {isa = PBXFileReference; lastKnownFileType = sourcecode.swift; path = OperationView.swift; sourceTree = "<group>"; };
		5191D48627C77E4B004D07D7 /* OperationViewModel.swift */ = {isa = PBXFileReference; lastKnownFileType = sourcecode.swift; path = OperationViewModel.swift; sourceTree = "<group>"; };
		5191D48827C77F24004D07D7 /* OperationModel.swift */ = {isa = PBXFileReference; lastKnownFileType = sourcecode.swift; path = OperationModel.swift; sourceTree = "<group>"; };
		519BDDF927E468550018929C /* LoginViewModel.swift */ = {isa = PBXFileReference; lastKnownFileType = sourcecode.swift; path = LoginViewModel.swift; sourceTree = "<group>"; };
		519BDE0527E490430018929C /* User.swift */ = {isa = PBXFileReference; lastKnownFileType = sourcecode.swift; path = User.swift; sourceTree = "<group>"; };
		519BDE0727E494ED0018929C /* ResetPasswordViewModel.swift */ = {isa = PBXFileReference; lastKnownFileType = sourcecode.swift; path = ResetPasswordViewModel.swift; sourceTree = "<group>"; };
		519D978A27C8A0EA00D16671 /* OperationViewProtocol.swift */ = {isa = PBXFileReference; lastKnownFileType = sourcecode.swift; path = OperationViewProtocol.swift; sourceTree = "<group>"; };
		519D978C27C8A11A00D16671 /* Utils.swift */ = {isa = PBXFileReference; lastKnownFileType = sourcecode.swift; path = Utils.swift; sourceTree = "<group>"; };
		519D978E27C8A88600D16671 /* TLToast.swift */ = {isa = PBXFileReference; lastKnownFileType = sourcecode.swift; path = TLToast.swift; sourceTree = "<group>"; };
		519D979227C8AD2900D16671 /* SectionHeaderView.swift */ = {isa = PBXFileReference; lastKnownFileType = sourcecode.swift; path = SectionHeaderView.swift; sourceTree = "<group>"; };
		519D979527C8AF3300D16671 /* SectionCollectionViewCell.swift */ = {isa = PBXFileReference; lastKnownFileType = sourcecode.swift; path = SectionCollectionViewCell.swift; sourceTree = "<group>"; };
		519D979727CCAB6E00D16671 /* SelectPopView.swift */ = {isa = PBXFileReference; lastKnownFileType = sourcecode.swift; path = SelectPopView.swift; sourceTree = "<group>"; };
		519D979D27CCC50F00D16671 /* SectionModel.swift */ = {isa = PBXFileReference; lastKnownFileType = sourcecode.swift; path = SectionModel.swift; sourceTree = "<group>"; };
		519D97A027CDB7D800D16671 /* SecondViewModel.swift */ = {isa = PBXFileReference; lastKnownFileType = sourcecode.swift; path = SecondViewModel.swift; sourceTree = "<group>"; };
		519D97A427CDBCC800D16671 /* BaseViewController.swift */ = {isa = PBXFileReference; lastKnownFileType = sourcecode.swift; path = BaseViewController.swift; sourceTree = "<group>"; };
		519D97A627CEFA5A00D16671 /* SecondViewCell.swift */ = {isa = PBXFileReference; lastKnownFileType = sourcecode.swift; path = SecondViewCell.swift; sourceTree = "<group>"; };
		519D97A827CEFF2A00D16671 /* data.json */ = {isa = PBXFileReference; fileEncoding = 4; lastKnownFileType = text.json; path = data.json; sourceTree = "<group>"; };
		519D97AA27CEFFB300D16671 /* DataObject.swift */ = {isa = PBXFileReference; lastKnownFileType = sourcecode.swift; path = DataObject.swift; sourceTree = "<group>"; };
		519D97AC27CF487900D16671 /* DataDetailViewController.swift */ = {isa = PBXFileReference; lastKnownFileType = sourcecode.swift; path = DataDetailViewController.swift; sourceTree = "<group>"; };
		519D97AF27CF5CD900D16671 /* DataDetailCell.swift */ = {isa = PBXFileReference; lastKnownFileType = sourcecode.swift; path = DataDetailCell.swift; sourceTree = "<group>"; };
		519D97B327D0536A00D16671 /* DataDetailSection.swift */ = {isa = PBXFileReference; lastKnownFileType = sourcecode.swift; path = DataDetailSection.swift; sourceTree = "<group>"; };
		519D97B527D0549B00D16671 /* DataDetailViewModel.swift */ = {isa = PBXFileReference; lastKnownFileType = sourcecode.swift; path = DataDetailViewModel.swift; sourceTree = "<group>"; };
		519D97B727D0555A00D16671 /* DataDetailModel.swift */ = {isa = PBXFileReference; lastKnownFileType = sourcecode.swift; path = DataDetailModel.swift; sourceTree = "<group>"; };
		519D9BD227D0AD8C00D16671 /* typesdata.json */ = {isa = PBXFileReference; fileEncoding = 4; lastKnownFileType = text.json; path = typesdata.json; sourceTree = "<group>"; };
		51BBA19627E1D23100558BFF /* ResetPasswordViewController.swift */ = {isa = PBXFileReference; lastKnownFileType = sourcecode.swift; path = ResetPasswordViewController.swift; sourceTree = "<group>"; };
		51C9606327D8443D00939997 /* AppConfig.swift */ = {isa = PBXFileReference; lastKnownFileType = sourcecode.swift; path = AppConfig.swift; sourceTree = "<group>"; };
		51F1CA9927E023A50094834F /* BaseTarget.swift */ = {isa = PBXFileReference; lastKnownFileType = sourcecode.swift; path = BaseTarget.swift; sourceTree = "<group>"; };
		51F1CA9B27E02B570094834F /* APIConfig.swift */ = {isa = PBXFileReference; lastKnownFileType = sourcecode.swift; path = APIConfig.swift; sourceTree = "<group>"; };
		51F1CA9D27E02C8A0094834F /* MoyaProviderEX.swift */ = {isa = PBXFileReference; lastKnownFileType = sourcecode.swift; path = MoyaProviderEX.swift; sourceTree = "<group>"; };
		51F1CA9F27E05F420094834F /* SwiftJSONModelAble.swift */ = {isa = PBXFileReference; lastKnownFileType = sourcecode.swift; path = SwiftJSONModelAble.swift; sourceTree = "<group>"; };
		51F1CAAB27E06A8A0094834F /* LoginViewController.swift */ = {isa = PBXFileReference; lastKnownFileType = sourcecode.swift; path = LoginViewController.swift; sourceTree = "<group>"; };
		D8164DD55E5711D5EF3118AC /* Pods_TinecoTrackData.framework */ = {isa = PBXFileReference; explicitFileType = wrapper.framework; includeInIndex = 0; path = Pods_TinecoTrackData.framework; sourceTree = BUILT_PRODUCTS_DIR; };
		F589DD15526174D955351E06 /* Pods-TinecoTrackData.release.xcconfig */ = {isa = PBXFileReference; includeInIndex = 1; lastKnownFileType = text.xcconfig; name = "Pods-TinecoTrackData.release.xcconfig"; path = "Target Support Files/Pods-TinecoTrackData/Pods-TinecoTrackData.release.xcconfig"; sourceTree = "<group>"; };
/* End PBXFileReference section */

/* Begin PBXFrameworksBuildPhase section */
		5191D42D27C48DFC004D07D7 /* Frameworks */ = {
			isa = PBXFrameworksBuildPhase;
			buildActionMask = 2147483647;
			files = (
				A82A92D7D841772A31144291 /* Pods_TinecoTrackData.framework in Frameworks */,
			);
			runOnlyForDeploymentPostprocessing = 0;
		};
		5191D44327C48DFD004D07D7 /* Frameworks */ = {
			isa = PBXFrameworksBuildPhase;
			buildActionMask = 2147483647;
			files = (
			);
			runOnlyForDeploymentPostprocessing = 0;
		};
		5191D44D27C48DFD004D07D7 /* Frameworks */ = {
			isa = PBXFrameworksBuildPhase;
			buildActionMask = 2147483647;
			files = (
			);
			runOnlyForDeploymentPostprocessing = 0;
		};
/* End PBXFrameworksBuildPhase section */

/* Begin PBXGroup section */
		4B6C55046462532D6DCD3010 /* Frameworks */ = {
			isa = PBXGroup;
			children = (
				D8164DD55E5711D5EF3118AC /* Pods_TinecoTrackData.framework */,
			);
			name = Frameworks;
			sourceTree = "<group>";
		};
		51357AE827E867F300EAF2F1 /* controller */ = {
			isa = PBXGroup;
			children = (
				51F1CAAB27E06A8A0094834F /* LoginViewController.swift */,
				51BBA19627E1D23100558BFF /* ResetPasswordViewController.swift */,
				51357AE027E8593000EAF2F1 /* MyViewController.swift */,
				51357AE127E8593000EAF2F1 /* MyViewController.xib */,
			);
			path = controller;
			sourceTree = "<group>";
		};
		51357AE927E86F0200EAF2F1 /* vm */ = {
			isa = PBXGroup;
			children = (
				519BDDF927E468550018929C /* LoginViewModel.swift */,
				519BDE0727E494ED0018929C /* ResetPasswordViewModel.swift */,
			);
			path = vm;
			sourceTree = "<group>";
		};
		51357AEA27E86F0C00EAF2F1 /* target */ = {
			isa = PBXGroup;
			children = (
				513FCB8327DF37BA00AF6F95 /* UserTarget.swift */,
			);
			path = target;
			sourceTree = "<group>";
		};
		51357AEB27E86F1F00EAF2F1 /* model */ = {
			isa = PBXGroup;
			children = (
				519BDE0527E490430018929C /* User.swift */,
			);
			path = model;
			sourceTree = "<group>";
		};
		51357AEC27E86F8500EAF2F1 /* target */ = {
			isa = PBXGroup;
			children = (
				51357AE427E85E8100EAF2F1 /* AccountBindTarget.swift */,
			);
			path = target;
			sourceTree = "<group>";
		};
		51357AED27E86F8E00EAF2F1 /* vm */ = {
			isa = PBXGroup;
			children = (
				51357AE627E862AF00EAF2F1 /* AccountBindViewModel.swift */,
			);
			path = vm;
			sourceTree = "<group>";
		};
		51357AF027E870BE00EAF2F1 /* controller */ = {
			isa = PBXGroup;
			children = (
				51357AEE27E870B600EAF2F1 /* DeviceListViewController.swift */,
			);
			path = controller;
			sourceTree = "<group>";
		};
		51357AF327E877E000EAF2F1 /* model */ = {
			isa = PBXGroup;
			children = (
				51357AF127E877C500EAF2F1 /* BindProductModel.swift */,
				51357AF427E877F400EAF2F1 /* BindDeviceModel.swift */,
				51351E2227EB214400110368 /* SnCodeModel.swift */,
			);
			path = model;
			sourceTree = "<group>";
		};
		513FCB8727DF3F1A00AF6F95 /* NetWork */ = {
			isa = PBXGroup;
			children = (
				51F1CA9B27E02B570094834F /* APIConfig.swift */,
				5112370527D99768000FCEA6 /* BaseResponse.swift */,
				513FCB7F27DF1AB000AF6F95 /* Observable+SwiftJSON.swift */,
				51F1CA9927E023A50094834F /* BaseTarget.swift */,
				51F1CA9D27E02C8A0094834F /* MoyaProviderEX.swift */,
				51F1CA9F27E05F420094834F /* SwiftJSONModelAble.swift */,
			);
			path = NetWork;
			sourceTree = "<group>";
		};
		5191D42727C48DFC004D07D7 = {
			isa = PBXGroup;
			children = (
				5191D43227C48DFC004D07D7 /* TinecoTrackData */,
				5191D44927C48DFD004D07D7 /* TinecoTrackDataTests */,
				5191D45327C48DFD004D07D7 /* TinecoTrackDataUITests */,
				5191D43127C48DFC004D07D7 /* Products */,
				77528E5A3C475EF22571C267 /* Pods */,
				4B6C55046462532D6DCD3010 /* Frameworks */,
			);
			sourceTree = "<group>";
		};
		5191D43127C48DFC004D07D7 /* Products */ = {
			isa = PBXGroup;
			children = (
				5191D43027C48DFC004D07D7 /* TinecoTrackData.app */,
				5191D44627C48DFD004D07D7 /* TinecoTrackDataTests.xctest */,
				5191D45027C48DFD004D07D7 /* TinecoTrackDataUITests.xctest */,
			);
			name = Products;
			sourceTree = "<group>";
		};
		5191D43227C48DFC004D07D7 /* TinecoTrackData */ = {
			isa = PBXGroup;
			children = (
				5191D43327C48DFC004D07D7 /* AppDelegate.swift */,
				519D979127C8ABAD00D16671 /* Tool */,
				513FCB8727DF3F1A00AF6F95 /* NetWork */,
				51F1CAA627E061FA0094834F /* Base */,
				51F1CAA427E061520094834F /* User */,
				519D979027C8AB8500D16671 /* Home */,
				519D979F27CDB7AB00D16671 /* Second */,
				519D97AE27CF5CAF00D16671 /* DataDetail */,
				519D979427C8AF0500D16671 /* Views */,
				5191D43927C48DFC004D07D7 /* Main.storyboard */,
				5191D43C27C48DFD004D07D7 /* Assets.xcassets */,
				5191D43E27C48DFD004D07D7 /* LaunchScreen.storyboard */,
				5191D44127C48DFD004D07D7 /* Info.plist */,
			);
			path = TinecoTrackData;
			sourceTree = "<group>";
		};
		5191D44927C48DFD004D07D7 /* TinecoTrackDataTests */ = {
			isa = PBXGroup;
			children = (
				5191D44A27C48DFD004D07D7 /* TinecoTrackDataTests.swift */,
			);
			path = TinecoTrackDataTests;
			sourceTree = "<group>";
		};
		5191D45327C48DFD004D07D7 /* TinecoTrackDataUITests */ = {
			isa = PBXGroup;
			children = (
				5191D45427C48DFD004D07D7 /* TinecoTrackDataUITests.swift */,
				5191D45627C48DFD004D07D7 /* TinecoTrackDataUITestsLaunchTests.swift */,
			);
			path = TinecoTrackDataUITests;
			sourceTree = "<group>";
		};
		519D979027C8AB8500D16671 /* Home */ = {
			isa = PBXGroup;
			children = (
				5191D43727C48DFC004D07D7 /* HomeViewController.swift */,
				5191D48427C777CB004D07D7 /* OperationView.swift */,
				5191D48627C77E4B004D07D7 /* OperationViewModel.swift */,
				5191D48827C77F24004D07D7 /* OperationModel.swift */,
				519D978A27C8A0EA00D16671 /* OperationViewProtocol.swift */,
			);
			path = Home;
			sourceTree = "<group>";
		};
		519D979127C8ABAD00D16671 /* Tool */ = {
			isa = PBXGroup;
			children = (
				51F1CAA527E061C00094834F /* Extensions */,
				51F1CAA727E0621F0094834F /* localjson */,
				51F1CAA827E062540094834F /* Common */,
				5127809527D1F84D00D9224F /* TinecoTrackData-Bridging-Header.h */,
			);
			path = Tool;
			sourceTree = "<group>";
		};
		519D979427C8AF0500D16671 /* Views */ = {
			isa = PBXGroup;
			children = (
				519D979C27CCC25F00D16671 /* HeaderView */,
				519D979B27CCC25200D16671 /* SelectionView */,
			);
			path = Views;
			sourceTree = "<group>";
		};
		519D979B27CCC25200D16671 /* SelectionView */ = {
			isa = PBXGroup;
			children = (
				519D979727CCAB6E00D16671 /* SelectPopView.swift */,
			);
			path = SelectionView;
			sourceTree = "<group>";
		};
		519D979C27CCC25F00D16671 /* HeaderView */ = {
			isa = PBXGroup;
			children = (
				519D979227C8AD2900D16671 /* SectionHeaderView.swift */,
				519D979527C8AF3300D16671 /* SectionCollectionViewCell.swift */,
				519D979D27CCC50F00D16671 /* SectionModel.swift */,
			);
			path = HeaderView;
			sourceTree = "<group>";
		};
		519D979F27CDB7AB00D16671 /* Second */ = {
			isa = PBXGroup;
			children = (
				5191D48227C7776B004D07D7 /* SecondViewController.swift */,
				519D97A027CDB7D800D16671 /* SecondViewModel.swift */,
				519D97A627CEFA5A00D16671 /* SecondViewCell.swift */,
				519D97AA27CEFFB300D16671 /* DataObject.swift */,
				51452A2E27E9624E0099C5EC /* ContentView.swift */,
				51357AF327E877E000EAF2F1 /* model */,
				51357AF027E870BE00EAF2F1 /* controller */,
				51357AEC27E86F8500EAF2F1 /* target */,
				51357AED27E86F8E00EAF2F1 /* vm */,
			);
			path = Second;
			sourceTree = "<group>";
		};
		519D97AE27CF5CAF00D16671 /* DataDetail */ = {
			isa = PBXGroup;
			children = (
				519D97AC27CF487900D16671 /* DataDetailViewController.swift */,
				519D97AF27CF5CD900D16671 /* DataDetailCell.swift */,
				519D97B327D0536A00D16671 /* DataDetailSection.swift */,
				519D97B527D0549B00D16671 /* DataDetailViewModel.swift */,
				519D97B727D0555A00D16671 /* DataDetailModel.swift */,
			);
			path = DataDetail;
			sourceTree = "<group>";
		};
		51F1CAA427E061520094834F /* User */ = {
			isa = PBXGroup;
			children = (
				51357AEA27E86F0C00EAF2F1 /* target */,
				51357AEB27E86F1F00EAF2F1 /* model */,
				51357AE927E86F0200EAF2F1 /* vm */,
				51357AE827E867F300EAF2F1 /* controller */,
			);
			path = User;
			sourceTree = "<group>";
		};
		51F1CAA527E061C00094834F /* Extensions */ = {
			isa = PBXGroup;
			children = (
				5127809327D1F06F00D9224F /* StringEx.swift */,
				5161A5E527ED52EE004EC7EF /* MJRefresh+RxSwift.swift */,
				5161A5E627ED52EE004EC7EF /* UIScrollView+RxSwift.swift */,
			);
			path = Extensions;
			sourceTree = "<group>";
		};
		51F1CAA627E061FA0094834F /* Base */ = {
			isa = PBXGroup;
			children = (
				51357ADC27E8546500EAF2F1 /* MainTabBarController.swift */,
				519D97A427CDBCC800D16671 /* BaseViewController.swift */,
			);
			path = Base;
			sourceTree = "<group>";
		};
		51F1CAA727E0621F0094834F /* localjson */ = {
			isa = PBXGroup;
			children = (
				519D9BD227D0AD8C00D16671 /* typesdata.json */,
				519D97A827CEFF2A00D16671 /* data.json */,
			);
			path = localjson;
			sourceTree = "<group>";
		};
		51F1CAA827E062540094834F /* Common */ = {
			isa = PBXGroup;
			children = (
				519D978C27C8A11A00D16671 /* Utils.swift */,
				51C9606327D8443D00939997 /* AppConfig.swift */,
				519D978E27C8A88600D16671 /* TLToast.swift */,
				51452A3227E9C8620099C5EC /* GlobalConstant.swift */,
				51351E1E27EAE81900110368 /* WCDBManager.swift */,
			);
			path = Common;
			sourceTree = "<group>";
		};
		77528E5A3C475EF22571C267 /* Pods */ = {
			isa = PBXGroup;
			children = (
				0FFB6BB821CEEEC3F2FE69C0 /* Pods-TinecoTrackData.debug.xcconfig */,
				F589DD15526174D955351E06 /* Pods-TinecoTrackData.release.xcconfig */,
			);
			path = Pods;
			sourceTree = "<group>";
		};
/* End PBXGroup section */

/* Begin PBXNativeTarget section */
		5191D42F27C48DFC004D07D7 /* TinecoTrackData */ = {
			isa = PBXNativeTarget;
			buildConfigurationList = 5191D45A27C48DFD004D07D7 /* Build configuration list for PBXNativeTarget "TinecoTrackData" */;
			buildPhases = (
				6EA34C798661EC4818B795A7 /* [CP] Check Pods Manifest.lock */,
				5191D42C27C48DFC004D07D7 /* Sources */,
				5191D42D27C48DFC004D07D7 /* Frameworks */,
				5191D42E27C48DFC004D07D7 /* Resources */,
				519D9BD127D0A85000D16671 /* ShellScript */,
				6644D454D8955A076A563AC5 /* [CP] Embed Pods Frameworks */,
			);
			buildRules = (
			);
			dependencies = (
			);
			name = TinecoTrackData;
			productName = TinecoTrackData;
			productReference = 5191D43027C48DFC004D07D7 /* TinecoTrackData.app */;
			productType = "com.apple.product-type.application";
		};
		5191D44527C48DFD004D07D7 /* TinecoTrackDataTests */ = {
			isa = PBXNativeTarget;
			buildConfigurationList = 5191D45D27C48DFD004D07D7 /* Build configuration list for PBXNativeTarget "TinecoTrackDataTests" */;
			buildPhases = (
				5191D44227C48DFD004D07D7 /* Sources */,
				5191D44327C48DFD004D07D7 /* Frameworks */,
				5191D44427C48DFD004D07D7 /* Resources */,
			);
			buildRules = (
			);
			dependencies = (
				5191D44827C48DFD004D07D7 /* PBXTargetDependency */,
			);
			name = TinecoTrackDataTests;
			productName = TinecoTrackDataTests;
			productReference = 5191D44627C48DFD004D07D7 /* TinecoTrackDataTests.xctest */;
			productType = "com.apple.product-type.bundle.unit-test";
		};
		5191D44F27C48DFD004D07D7 /* TinecoTrackDataUITests */ = {
			isa = PBXNativeTarget;
			buildConfigurationList = 5191D46027C48DFD004D07D7 /* Build configuration list for PBXNativeTarget "TinecoTrackDataUITests" */;
			buildPhases = (
				5191D44C27C48DFD004D07D7 /* Sources */,
				5191D44D27C48DFD004D07D7 /* Frameworks */,
				5191D44E27C48DFD004D07D7 /* Resources */,
			);
			buildRules = (
			);
			dependencies = (
				5191D45227C48DFD004D07D7 /* PBXTargetDependency */,
			);
			name = TinecoTrackDataUITests;
			productName = TinecoTrackDataUITests;
			productReference = 5191D45027C48DFD004D07D7 /* TinecoTrackDataUITests.xctest */;
			productType = "com.apple.product-type.bundle.ui-testing";
		};
/* End PBXNativeTarget section */

/* Begin PBXProject section */
		5191D42827C48DFC004D07D7 /* Project object */ = {
			isa = PBXProject;
			attributes = {
				BuildIndependentTargetsInParallel = 1;
				LastSwiftUpdateCheck = 1320;
				LastUpgradeCheck = 1320;
				TargetAttributes = {
					5191D42F27C48DFC004D07D7 = {
						CreatedOnToolsVersion = 13.2;
						LastSwiftMigration = 1320;
					};
					5191D44527C48DFD004D07D7 = {
						CreatedOnToolsVersion = 13.2;
						TestTargetID = 5191D42F27C48DFC004D07D7;
					};
					5191D44F27C48DFD004D07D7 = {
						CreatedOnToolsVersion = 13.2;
						TestTargetID = 5191D42F27C48DFC004D07D7;
					};
				};
			};
			buildConfigurationList = 5191D42B27C48DFC004D07D7 /* Build configuration list for PBXProject "TinecoTrackData" */;
			compatibilityVersion = "Xcode 13.0";
			developmentRegion = en;
			hasScannedForEncodings = 0;
			knownRegions = (
				en,
				Base,
			);
			mainGroup = 5191D42727C48DFC004D07D7;
			productRefGroup = 5191D43127C48DFC004D07D7 /* Products */;
			projectDirPath = "";
			projectRoot = "";
			targets = (
				5191D42F27C48DFC004D07D7 /* TinecoTrackData */,
				5191D44527C48DFD004D07D7 /* TinecoTrackDataTests */,
				5191D44F27C48DFD004D07D7 /* TinecoTrackDataUITests */,
			);
		};
/* End PBXProject section */

/* Begin PBXResourcesBuildPhase section */
		5191D42E27C48DFC004D07D7 /* Resources */ = {
			isa = PBXResourcesBuildPhase;
			buildActionMask = 2147483647;
			files = (
				5191D44027C48DFD004D07D7 /* LaunchScreen.storyboard in Resources */,
				5191D43D27C48DFD004D07D7 /* Assets.xcassets in Resources */,
				51357AE327E8593000EAF2F1 /* MyViewController.xib in Resources */,
				5191D43B27C48DFC004D07D7 /* Main.storyboard in Resources */,
				519D9BD327D0AD8C00D16671 /* typesdata.json in Resources */,
				519D97A927CEFF2A00D16671 /* data.json in Resources */,
			);
			runOnlyForDeploymentPostprocessing = 0;
		};
		5191D44427C48DFD004D07D7 /* Resources */ = {
			isa = PBXResourcesBuildPhase;
			buildActionMask = 2147483647;
			files = (
			);
			runOnlyForDeploymentPostprocessing = 0;
		};
		5191D44E27C48DFD004D07D7 /* Resources */ = {
			isa = PBXResourcesBuildPhase;
			buildActionMask = 2147483647;
			files = (
			);
			runOnlyForDeploymentPostprocessing = 0;
		};
/* End PBXResourcesBuildPhase section */

/* Begin PBXShellScriptBuildPhase section */
		519D9BD127D0A85000D16671 /* ShellScript */ = {
			isa = PBXShellScriptBuildPhase;
			buildActionMask = 2147483647;
			files = (
			);
			inputFileListPaths = (
			);
			inputPaths = (
			);
			outputFileListPaths = (
			);
			outputPaths = (
			);
			runOnlyForDeploymentPostprocessing = 0;
			shellPath = /bin/sh;
			shellScript = "# Type a script or drag a script file from your workspace to insert its path.\nif which swiftlint >/dev/null; then\n  swiftlint\nelse\n  echo \"warning: SwiftLint not installed, download from https://github.com/realm/SwiftLint\"\nfi\n";
		};
		6644D454D8955A076A563AC5 /* [CP] Embed Pods Frameworks */ = {
			isa = PBXShellScriptBuildPhase;
			buildActionMask = 2147483647;
			files = (
			);
			inputFileListPaths = (
				"${PODS_ROOT}/Target Support Files/Pods-TinecoTrackData/Pods-TinecoTrackData-frameworks-${CONFIGURATION}-input-files.xcfilelist",
			);
			name = "[CP] Embed Pods Frameworks";
			outputFileListPaths = (
				"${PODS_ROOT}/Target Support Files/Pods-TinecoTrackData/Pods-TinecoTrackData-frameworks-${CONFIGURATION}-output-files.xcfilelist",
			);
			runOnlyForDeploymentPostprocessing = 0;
			shellPath = /bin/sh;
			shellScript = "\"${PODS_ROOT}/Target Support Files/Pods-TinecoTrackData/Pods-TinecoTrackData-frameworks.sh\"\n";
			showEnvVarsInLog = 0;
		};
		6EA34C798661EC4818B795A7 /* [CP] Check Pods Manifest.lock */ = {
			isa = PBXShellScriptBuildPhase;
			buildActionMask = 2147483647;
			files = (
			);
			inputFileListPaths = (
			);
			inputPaths = (
				"${PODS_PODFILE_DIR_PATH}/Podfile.lock",
				"${PODS_ROOT}/Manifest.lock",
			);
			name = "[CP] Check Pods Manifest.lock";
			outputFileListPaths = (
			);
			outputPaths = (
				"$(DERIVED_FILE_DIR)/Pods-TinecoTrackData-checkManifestLockResult.txt",
			);
			runOnlyForDeploymentPostprocessing = 0;
			shellPath = /bin/sh;
			shellScript = "diff \"${PODS_PODFILE_DIR_PATH}/Podfile.lock\" \"${PODS_ROOT}/Manifest.lock\" > /dev/null\nif [ $? != 0 ] ; then\n    # print error to STDERR\n    echo \"error: The sandbox is not in sync with the Podfile.lock. Run 'pod install' or update your CocoaPods installation.\" >&2\n    exit 1\nfi\n# This output is used by Xcode 'outputs' to avoid re-running this script phase.\necho \"SUCCESS\" > \"${SCRIPT_OUTPUT_FILE_0}\"\n";
			showEnvVarsInLog = 0;
		};
/* End PBXShellScriptBuildPhase section */

/* Begin PBXSourcesBuildPhase section */
		5191D42C27C48DFC004D07D7 /* Sources */ = {
			isa = PBXSourcesBuildPhase;
			buildActionMask = 2147483647;
			files = (
				519D97A727CEFA5A00D16671 /* SecondViewCell.swift in Sources */,
				51452A3327E9C8620099C5EC /* GlobalConstant.swift in Sources */,
				519BDE0827E494ED0018929C /* ResetPasswordViewModel.swift in Sources */,
				519D97AB27CEFFB300D16671 /* DataObject.swift in Sources */,
				519D97A127CDB7D800D16671 /* SecondViewModel.swift in Sources */,
				519D979627C8AF3300D16671 /* SectionCollectionViewCell.swift in Sources */,
				51F1CA9A27E023A50094834F /* BaseTarget.swift in Sources */,
				5191D48727C77E4B004D07D7 /* OperationViewModel.swift in Sources */,
				519BDDFA27E468550018929C /* LoginViewModel.swift in Sources */,
				5191D48327C7776B004D07D7 /* SecondViewController.swift in Sources */,
				51357AE227E8593000EAF2F1 /* MyViewController.swift in Sources */,
				51357AE527E85E8100EAF2F1 /* AccountBindTarget.swift in Sources */,
				519D979827CCAB6F00D16671 /* SelectPopView.swift in Sources */,
				5112370627D99768000FCEA6 /* BaseResponse.swift in Sources */,
				519D97B827D0555A00D16671 /* DataDetailModel.swift in Sources */,
				5161A5E827ED52EE004EC7EF /* UIScrollView+RxSwift.swift in Sources */,
				519D97A527CDBCC800D16671 /* BaseViewController.swift in Sources */,
				519D97B027CF5CD900D16671 /* DataDetailCell.swift in Sources */,
				51357AE727E862AF00EAF2F1 /* AccountBindViewModel.swift in Sources */,
				51357AF527E877F400EAF2F1 /* BindDeviceModel.swift in Sources */,
				513FCB8027DF1AB000AF6F95 /* Observable+SwiftJSON.swift in Sources */,
				519D97B627D0549B00D16671 /* DataDetailViewModel.swift in Sources */,
				51351E2327EB214400110368 /* SnCodeModel.swift in Sources */,
				51357AEF27E870B600EAF2F1 /* DeviceListViewController.swift in Sources */,
				5191D43827C48DFC004D07D7 /* HomeViewController.swift in Sources */,
				51F1CA9E27E02C8A0094834F /* MoyaProviderEX.swift in Sources */,
				5191D48927C77F24004D07D7 /* OperationModel.swift in Sources */,
				5161A5E727ED52EE004EC7EF /* MJRefresh+RxSwift.swift in Sources */,
				519D978B27C8A0EA00D16671 /* OperationViewProtocol.swift in Sources */,
				519D979E27CCC50F00D16671 /* SectionModel.swift in Sources */,
				513FCB8427DF37BA00AF6F95 /* UserTarget.swift in Sources */,
				519D979327C8AD2900D16671 /* SectionHeaderView.swift in Sources */,
				519D97B427D0536A00D16671 /* DataDetailSection.swift in Sources */,
				51357AF227E877C500EAF2F1 /* BindProductModel.swift in Sources */,
				519D97AD27CF487900D16671 /* DataDetailViewController.swift in Sources */,
				5191D48527C777CB004D07D7 /* OperationView.swift in Sources */,
				51F1CA9C27E02B570094834F /* APIConfig.swift in Sources */,
				51BBA19727E1D23100558BFF /* ResetPasswordViewController.swift in Sources */,
				5191D43427C48DFC004D07D7 /* AppDelegate.swift in Sources */,
				5127809427D1F06F00D9224F /* StringEx.swift in Sources */,
				51351E1F27EAE81900110368 /* WCDBManager.swift in Sources */,
				51C9606427D8443D00939997 /* AppConfig.swift in Sources */,
				51357ADD27E8546500EAF2F1 /* MainTabBarController.swift in Sources */,
				519BDE0627E490430018929C /* User.swift in Sources */,
				51F1CAAC27E06A8A0094834F /* LoginViewController.swift in Sources */,
				51452A2F27E9624E0099C5EC /* ContentView.swift in Sources */,
				519D978F27C8A88600D16671 /* TLToast.swift in Sources */,
				519D978D27C8A11A00D16671 /* Utils.swift in Sources */,
				51F1CAA027E05F420094834F /* SwiftJSONModelAble.swift in Sources */,
			);
			runOnlyForDeploymentPostprocessing = 0;
		};
		5191D44227C48DFD004D07D7 /* Sources */ = {
			isa = PBXSourcesBuildPhase;
			buildActionMask = 2147483647;
			files = (
				5191D44B27C48DFD004D07D7 /* TinecoTrackDataTests.swift in Sources */,
			);
			runOnlyForDeploymentPostprocessing = 0;
		};
		5191D44C27C48DFD004D07D7 /* Sources */ = {
			isa = PBXSourcesBuildPhase;
			buildActionMask = 2147483647;
			files = (
				5191D45727C48DFD004D07D7 /* TinecoTrackDataUITestsLaunchTests.swift in Sources */,
				5191D45527C48DFD004D07D7 /* TinecoTrackDataUITests.swift in Sources */,
			);
			runOnlyForDeploymentPostprocessing = 0;
		};
/* End PBXSourcesBuildPhase section */

/* Begin PBXTargetDependency section */
		5191D44827C48DFD004D07D7 /* PBXTargetDependency */ = {
			isa = PBXTargetDependency;
			target = 5191D42F27C48DFC004D07D7 /* TinecoTrackData */;
			targetProxy = 5191D44727C48DFD004D07D7 /* PBXContainerItemProxy */;
		};
		5191D45227C48DFD004D07D7 /* PBXTargetDependency */ = {
			isa = PBXTargetDependency;
			target = 5191D42F27C48DFC004D07D7 /* TinecoTrackData */;
			targetProxy = 5191D45127C48DFD004D07D7 /* PBXContainerItemProxy */;
		};
/* End PBXTargetDependency section */

/* Begin PBXVariantGroup section */
		5191D43927C48DFC004D07D7 /* Main.storyboard */ = {
			isa = PBXVariantGroup;
			children = (
				5191D43A27C48DFC004D07D7 /* Base */,
			);
			name = Main.storyboard;
			sourceTree = "<group>";
		};
		5191D43E27C48DFD004D07D7 /* LaunchScreen.storyboard */ = {
			isa = PBXVariantGroup;
			children = (
				5191D43F27C48DFD004D07D7 /* Base */,
			);
			name = LaunchScreen.storyboard;
			sourceTree = "<group>";
		};
/* End PBXVariantGroup section */

/* Begin XCBuildConfiguration section */
		5191D45827C48DFD004D07D7 /* Debug */ = {
			isa = XCBuildConfiguration;
			buildSettings = {
				ALWAYS_SEARCH_USER_PATHS = NO;
				CLANG_ANALYZER_NONNULL = YES;
				CLANG_ANALYZER_NUMBER_OBJECT_CONVERSION = YES_AGGRESSIVE;
				CLANG_CXX_LANGUAGE_STANDARD = "gnu++17";
				CLANG_CXX_LIBRARY = "libc++";
				CLANG_ENABLE_MODULES = YES;
				CLANG_ENABLE_OBJC_ARC = YES;
				CLANG_ENABLE_OBJC_WEAK = YES;
				CLANG_WARN_BLOCK_CAPTURE_AUTORELEASING = YES;
				CLANG_WARN_BOOL_CONVERSION = YES;
				CLANG_WARN_COMMA = YES;
				CLANG_WARN_CONSTANT_CONVERSION = YES;
				CLANG_WARN_DEPRECATED_OBJC_IMPLEMENTATIONS = YES;
				CLANG_WARN_DIRECT_OBJC_ISA_USAGE = YES_ERROR;
				CLANG_WARN_DOCUMENTATION_COMMENTS = YES;
				CLANG_WARN_EMPTY_BODY = YES;
				CLANG_WARN_ENUM_CONVERSION = YES;
				CLANG_WARN_INFINITE_RECURSION = YES;
				CLANG_WARN_INT_CONVERSION = YES;
				CLANG_WARN_NON_LITERAL_NULL_CONVERSION = YES;
				CLANG_WARN_OBJC_IMPLICIT_RETAIN_SELF = YES;
				CLANG_WARN_OBJC_LITERAL_CONVERSION = YES;
				CLANG_WARN_OBJC_ROOT_CLASS = YES_ERROR;
				CLANG_WARN_QUOTED_INCLUDE_IN_FRAMEWORK_HEADER = YES;
				CLANG_WARN_RANGE_LOOP_ANALYSIS = YES;
				CLANG_WARN_STRICT_PROTOTYPES = YES;
				CLANG_WARN_SUSPICIOUS_MOVE = YES;
				CLANG_WARN_UNGUARDED_AVAILABILITY = YES_AGGRESSIVE;
				CLANG_WARN_UNREACHABLE_CODE = YES;
				CLANG_WARN__DUPLICATE_METHOD_MATCH = YES;
				COPY_PHASE_STRIP = NO;
				DEBUG_INFORMATION_FORMAT = dwarf;
				ENABLE_STRICT_OBJC_MSGSEND = YES;
				ENABLE_TESTABILITY = YES;
				GCC_C_LANGUAGE_STANDARD = gnu11;
				GCC_DYNAMIC_NO_PIC = NO;
				GCC_NO_COMMON_BLOCKS = YES;
				GCC_OPTIMIZATION_LEVEL = 0;
				GCC_PREPROCESSOR_DEFINITIONS = (
					"DEBUG=1",
					"$(inherited)",
				);
				GCC_WARN_64_TO_32_BIT_CONVERSION = YES;
				GCC_WARN_ABOUT_RETURN_TYPE = YES_ERROR;
				GCC_WARN_UNDECLARED_SELECTOR = YES;
				GCC_WARN_UNINITIALIZED_AUTOS = YES_AGGRESSIVE;
				GCC_WARN_UNUSED_FUNCTION = YES;
				GCC_WARN_UNUSED_VARIABLE = YES;
				IPHONEOS_DEPLOYMENT_TARGET = 12.0;
				MTL_ENABLE_DEBUG_INFO = INCLUDE_SOURCE;
				MTL_FAST_MATH = YES;
				ONLY_ACTIVE_ARCH = YES;
				SDKROOT = iphoneos;
				SWIFT_ACTIVE_COMPILATION_CONDITIONS = DEBUG;
				SWIFT_OPTIMIZATION_LEVEL = "-Onone";
			};
			name = Debug;
		};
		5191D45927C48DFD004D07D7 /* Release */ = {
			isa = XCBuildConfiguration;
			buildSettings = {
				ALWAYS_SEARCH_USER_PATHS = NO;
				CLANG_ANALYZER_NONNULL = YES;
				CLANG_ANALYZER_NUMBER_OBJECT_CONVERSION = YES_AGGRESSIVE;
				CLANG_CXX_LANGUAGE_STANDARD = "gnu++17";
				CLANG_CXX_LIBRARY = "libc++";
				CLANG_ENABLE_MODULES = YES;
				CLANG_ENABLE_OBJC_ARC = YES;
				CLANG_ENABLE_OBJC_WEAK = YES;
				CLANG_WARN_BLOCK_CAPTURE_AUTORELEASING = YES;
				CLANG_WARN_BOOL_CONVERSION = YES;
				CLANG_WARN_COMMA = YES;
				CLANG_WARN_CONSTANT_CONVERSION = YES;
				CLANG_WARN_DEPRECATED_OBJC_IMPLEMENTATIONS = YES;
				CLANG_WARN_DIRECT_OBJC_ISA_USAGE = YES_ERROR;
				CLANG_WARN_DOCUMENTATION_COMMENTS = YES;
				CLANG_WARN_EMPTY_BODY = YES;
				CLANG_WARN_ENUM_CONVERSION = YES;
				CLANG_WARN_INFINITE_RECURSION = YES;
				CLANG_WARN_INT_CONVERSION = YES;
				CLANG_WARN_NON_LITERAL_NULL_CONVERSION = YES;
				CLANG_WARN_OBJC_IMPLICIT_RETAIN_SELF = YES;
				CLANG_WARN_OBJC_LITERAL_CONVERSION = YES;
				CLANG_WARN_OBJC_ROOT_CLASS = YES_ERROR;
				CLANG_WARN_QUOTED_INCLUDE_IN_FRAMEWORK_HEADER = YES;
				CLANG_WARN_RANGE_LOOP_ANALYSIS = YES;
				CLANG_WARN_STRICT_PROTOTYPES = YES;
				CLANG_WARN_SUSPICIOUS_MOVE = YES;
				CLANG_WARN_UNGUARDED_AVAILABILITY = YES_AGGRESSIVE;
				CLANG_WARN_UNREACHABLE_CODE = YES;
				CLANG_WARN__DUPLICATE_METHOD_MATCH = YES;
				COPY_PHASE_STRIP = NO;
				DEBUG_INFORMATION_FORMAT = "dwarf-with-dsym";
				ENABLE_NS_ASSERTIONS = NO;
				ENABLE_STRICT_OBJC_MSGSEND = YES;
				GCC_C_LANGUAGE_STANDARD = gnu11;
				GCC_NO_COMMON_BLOCKS = YES;
				GCC_WARN_64_TO_32_BIT_CONVERSION = YES;
				GCC_WARN_ABOUT_RETURN_TYPE = YES_ERROR;
				GCC_WARN_UNDECLARED_SELECTOR = YES;
				GCC_WARN_UNINITIALIZED_AUTOS = YES_AGGRESSIVE;
				GCC_WARN_UNUSED_FUNCTION = YES;
				GCC_WARN_UNUSED_VARIABLE = YES;
				IPHONEOS_DEPLOYMENT_TARGET = 12.0;
				MTL_ENABLE_DEBUG_INFO = NO;
				MTL_FAST_MATH = YES;
				SDKROOT = iphoneos;
				SWIFT_COMPILATION_MODE = wholemodule;
				SWIFT_OPTIMIZATION_LEVEL = "-O";
				VALIDATE_PRODUCT = YES;
			};
			name = Release;
		};
		5191D45B27C48DFD004D07D7 /* Debug */ = {
			isa = XCBuildConfiguration;
			baseConfigurationReference = 0FFB6BB821CEEEC3F2FE69C0 /* Pods-TinecoTrackData.debug.xcconfig */;
			buildSettings = {
				ASSETCATALOG_COMPILER_APPICON_NAME = AppIcon;
				ASSETCATALOG_COMPILER_GLOBAL_ACCENT_COLOR_NAME = AccentColor;
				CLANG_ENABLE_MODULES = YES;
				CODE_SIGN_STYLE = Automatic;
				CURRENT_PROJECT_VERSION = 1;
				DEVELOPMENT_TEAM = 5S9FUAXV56;
				GENERATE_INFOPLIST_FILE = YES;
				INFOPLIST_FILE = TinecoTrackData/Info.plist;
				INFOPLIST_KEY_CFBundleDisplayName = "食万信息查询";
				INFOPLIST_KEY_UIApplicationSupportsIndirectInputEvents = YES;
				INFOPLIST_KEY_UILaunchStoryboardName = LaunchScreen;
				INFOPLIST_KEY_UIMainStoryboardFile = Main;
				INFOPLIST_KEY_UISupportedInterfaceOrientations_iPad = "UIInterfaceOrientationPortrait UIInterfaceOrientationPortraitUpsideDown UIInterfaceOrientationLandscapeLeft UIInterfaceOrientationLandscapeRight";
				INFOPLIST_KEY_UISupportedInterfaceOrientations_iPhone = "UIInterfaceOrientationPortrait UIInterfaceOrientationLandscapeLeft UIInterfaceOrientationLandscapeRight";
				LD_RUNPATH_SEARCH_PATHS = (
					"$(inherited)",
					"@executable_path/Frameworks",
				);
				MARKETING_VERSION = 1.0;
				PRODUCT_BUNDLE_IDENTIFIER = com.tineco.TinecoTrackData;
				PRODUCT_NAME = "$(TARGET_NAME)";
				SWIFT_EMIT_LOC_STRINGS = YES;
				SWIFT_OBJC_BRIDGING_HEADER = "TinecoTrackData/Tool/TinecoTrackData-Bridging-Header.h";
				SWIFT_OPTIMIZATION_LEVEL = "-Onone";
				SWIFT_VERSION = 5.0;
				TARGETED_DEVICE_FAMILY = 1;
			};
			name = Debug;
		};
		5191D45C27C48DFD004D07D7 /* Release */ = {
			isa = XCBuildConfiguration;
			baseConfigurationReference = F589DD15526174D955351E06 /* Pods-TinecoTrackData.release.xcconfig */;
			buildSettings = {
				ASSETCATALOG_COMPILER_APPICON_NAME = AppIcon;
				ASSETCATALOG_COMPILER_GLOBAL_ACCENT_COLOR_NAME = AccentColor;
				CLANG_ENABLE_MODULES = YES;
				CODE_SIGN_STYLE = Automatic;
				CURRENT_PROJECT_VERSION = 1;
				DEVELOPMENT_TEAM = 5S9FUAXV56;
				GENERATE_INFOPLIST_FILE = YES;
				INFOPLIST_FILE = TinecoTrackData/Info.plist;
				INFOPLIST_KEY_CFBundleDisplayName = "食万信息查询";
				INFOPLIST_KEY_UIApplicationSupportsIndirectInputEvents = YES;
				INFOPLIST_KEY_UILaunchStoryboardName = LaunchScreen;
				INFOPLIST_KEY_UIMainStoryboardFile = Main;
				INFOPLIST_KEY_UISupportedInterfaceOrientations_iPad = "UIInterfaceOrientationPortrait UIInterfaceOrientationPortraitUpsideDown UIInterfaceOrientationLandscapeLeft UIInterfaceOrientationLandscapeRight";
				INFOPLIST_KEY_UISupportedInterfaceOrientations_iPhone = "UIInterfaceOrientationPortrait UIInterfaceOrientationLandscapeLeft UIInterfaceOrientationLandscapeRight";
				LD_RUNPATH_SEARCH_PATHS = (
					"$(inherited)",
					"@executable_path/Frameworks",
				);
				MARKETING_VERSION = 1.0;
				PRODUCT_BUNDLE_IDENTIFIER = com.tineco.TinecoTrackData;
				PRODUCT_NAME = "$(TARGET_NAME)";
				SWIFT_EMIT_LOC_STRINGS = YES;
				SWIFT_OBJC_BRIDGING_HEADER = "TinecoTrackData/Tool/TinecoTrackData-Bridging-Header.h";
				SWIFT_VERSION = 5.0;
				TARGETED_DEVICE_FAMILY = 1;
			};
			name = Release;
		};
		5191D45E27C48DFD004D07D7 /* Debug */ = {
			isa = XCBuildConfiguration;
			buildSettings = {
				ALWAYS_EMBED_SWIFT_STANDARD_LIBRARIES = YES;
				BUNDLE_LOADER = "$(TEST_HOST)";
				CODE_SIGN_STYLE = Automatic;
				CURRENT_PROJECT_VERSION = 1;
				DEVELOPMENT_TEAM = 5S9FUAXV56;
				GENERATE_INFOPLIST_FILE = YES;
				IPHONEOS_DEPLOYMENT_TARGET = 15.2;
				MARKETING_VERSION = 1.0;
				PRODUCT_BUNDLE_IDENTIFIER = com.tineco.TinecoTrackDataTests;
				PRODUCT_NAME = "$(TARGET_NAME)";
				SWIFT_EMIT_LOC_STRINGS = NO;
				SWIFT_VERSION = 5.0;
				TARGETED_DEVICE_FAMILY = "1,2";
				TEST_HOST = "$(BUILT_PRODUCTS_DIR)/TinecoTrackData.app/TinecoTrackData";
			};
			name = Debug;
		};
		5191D45F27C48DFD004D07D7 /* Release */ = {
			isa = XCBuildConfiguration;
			buildSettings = {
				ALWAYS_EMBED_SWIFT_STANDARD_LIBRARIES = YES;
				BUNDLE_LOADER = "$(TEST_HOST)";
				CODE_SIGN_STYLE = Automatic;
				CURRENT_PROJECT_VERSION = 1;
				DEVELOPMENT_TEAM = 5S9FUAXV56;
				GENERATE_INFOPLIST_FILE = YES;
				IPHONEOS_DEPLOYMENT_TARGET = 15.2;
				MARKETING_VERSION = 1.0;
				PRODUCT_BUNDLE_IDENTIFIER = com.tineco.TinecoTrackDataTests;
				PRODUCT_NAME = "$(TARGET_NAME)";
				SWIFT_EMIT_LOC_STRINGS = NO;
				SWIFT_VERSION = 5.0;
				TARGETED_DEVICE_FAMILY = "1,2";
				TEST_HOST = "$(BUILT_PRODUCTS_DIR)/TinecoTrackData.app/TinecoTrackData";
			};
			name = Release;
		};
		5191D46127C48DFD004D07D7 /* Debug */ = {
			isa = XCBuildConfiguration;
			buildSettings = {
				ALWAYS_EMBED_SWIFT_STANDARD_LIBRARIES = YES;
				CODE_SIGN_STYLE = Automatic;
				CURRENT_PROJECT_VERSION = 1;
				DEVELOPMENT_TEAM = 5S9FUAXV56;
				GENERATE_INFOPLIST_FILE = YES;
				MARKETING_VERSION = 1.0;
				PRODUCT_BUNDLE_IDENTIFIER = com.tineco.TinecoTrackDataUITests;
				PRODUCT_NAME = "$(TARGET_NAME)";
				SWIFT_EMIT_LOC_STRINGS = NO;
				SWIFT_VERSION = 5.0;
				TARGETED_DEVICE_FAMILY = "1,2";
				TEST_TARGET_NAME = TinecoTrackData;
			};
			name = Debug;
		};
		5191D46227C48DFD004D07D7 /* Release */ = {
			isa = XCBuildConfiguration;
			buildSettings = {
				ALWAYS_EMBED_SWIFT_STANDARD_LIBRARIES = YES;
				CODE_SIGN_STYLE = Automatic;
				CURRENT_PROJECT_VERSION = 1;
				DEVELOPMENT_TEAM = 5S9FUAXV56;
				GENERATE_INFOPLIST_FILE = YES;
				MARKETING_VERSION = 1.0;
				PRODUCT_BUNDLE_IDENTIFIER = com.tineco.TinecoTrackDataUITests;
				PRODUCT_NAME = "$(TARGET_NAME)";
				SWIFT_EMIT_LOC_STRINGS = NO;
				SWIFT_VERSION = 5.0;
				TARGETED_DEVICE_FAMILY = "1,2";
				TEST_TARGET_NAME = TinecoTrackData;
			};
			name = Release;
		};
/* End XCBuildConfiguration section */

/* Begin XCConfigurationList section */
		5191D42B27C48DFC004D07D7 /* Build configuration list for PBXProject "TinecoTrackData" */ = {
			isa = XCConfigurationList;
			buildConfigurations = (
				5191D45827C48DFD004D07D7 /* Debug */,
				5191D45927C48DFD004D07D7 /* Release */,
			);
			defaultConfigurationIsVisible = 0;
			defaultConfigurationName = Release;
		};
		5191D45A27C48DFD004D07D7 /* Build configuration list for PBXNativeTarget "TinecoTrackData" */ = {
			isa = XCConfigurationList;
			buildConfigurations = (
				5191D45B27C48DFD004D07D7 /* Debug */,
				5191D45C27C48DFD004D07D7 /* Release */,
			);
			defaultConfigurationIsVisible = 0;
			defaultConfigurationName = Release;
		};
		5191D45D27C48DFD004D07D7 /* Build configuration list for PBXNativeTarget "TinecoTrackDataTests" */ = {
			isa = XCConfigurationList;
			buildConfigurations = (
				5191D45E27C48DFD004D07D7 /* Debug */,
				5191D45F27C48DFD004D07D7 /* Release */,
			);
			defaultConfigurationIsVisible = 0;
			defaultConfigurationName = Release;
		};
		5191D46027C48DFD004D07D7 /* Build configuration list for PBXNativeTarget "TinecoTrackDataUITests" */ = {
			isa = XCConfigurationList;
			buildConfigurations = (
				5191D46127C48DFD004D07D7 /* Debug */,
				5191D46227C48DFD004D07D7 /* Release */,
			);
			defaultConfigurationIsVisible = 0;
			defaultConfigurationName = Release;
		};
/* End XCConfigurationList section */
	};
	rootObject = 5191D42827C48DFC004D07D7 /* Project object */;
}
